<?xml version="1.0" encoding="UTF-8"?>
<Scheme
   LastUpgradeVersion = "0930"
   version = "1.3">
   <BuildAction
      parallelizeBuildables = "YES"
      buildImplicitDependencies = "YES">
      <BuildActionEntries>
         <BuildActionEntry
            buildForTesting = "YES"
            buildForRunning = "YES"
            buildForProfiling = "YES"
            buildForArchiving = "YES"
            buildForAnalyzing = "YES">
            <BuildableReference
               BuildableIdentifier = "primary"
               BlueprintIdentifier = "A033CF5920A197260050626C"
               BuildableName = "Project 01 - GoodAsOldPhones.app"
               BlueprintName = "Project 01 - GoodAsOldPhones"
               ReferencedContainer = "container:Project 01 - GoodAsOldPhones.xcodeproj">
            </BuildableReference>
         </BuildActionEntry>
      </BuildActionEntries>
   </BuildAction>
   <TestAction
      buildConfiguration = "Debug"
      selectedDebuggerIdentifier = "Xcode.DebuggerFoundation.Debugger.LLDB"
      selectedLauncherIdentifier = "Xcode.DebuggerFoundation.Launcher.LLDB"
      shouldUseLaunchSchemeArgsEnv = "YES">
      <Testables>
         <TestableReference
            skipped = "NO">
            <BuildableReference
               BuildableIdentifier = "primary"
               BlueprintIdentifier = "A033CF6D20A197280050626C"
               BuildableName = "Project 01 - GoodAsOldPhonesTests.xctest"
               BlueprintName = "Project 01 - GoodAsOldPhonesTests"
               ReferencedContainer = "container:Project 01 - GoodAsOldPhones.xcodeproj">
            </BuildableReference>
         </TestableReference>
         <TestableReference
            skipped = "NO">
            <BuildableReference
               BuildableIdentifier = "primary"
               BlueprintIdentifier = "A033CF7820A197280050626C"
               BuildableName = "Project 01 - GoodAsOldPhonesUITests.xctest"
               BlueprintName = "Project 01 - GoodAsOldPhonesUITests"
               ReferencedContainer = "container:Project 01 - GoodAsOldPhones.xcodeproj">
            </BuildableReference>
         </TestableReference>
      </Testables>
      <MacroExpansion>
         <BuildableReference
            BuildableIdentifier = "primary"
            BlueprintIdentifier = "A033CF5920A197260050626C"
            BuildableName = "Project 01 - GoodAsOldPhones.app"
            BlueprintName = "Project 01 - GoodAsOldPhones"
            ReferencedContainer = "container:Project 01 - GoodAsOldPhones.xcodeproj">
         </BuildableReference>
      </MacroExpansion>
      <AdditionalOptions>
      </AdditionalOptions>
   </TestAction>
   <LaunchAction
      buildConfiguration = "Debug"
      selectedDebuggerIdentifier = "Xcode.DebuggerFoundation.Debugger.LLDB"
      selectedLauncherIdentifier = "Xcode.DebuggerFoundation.Launcher.LLDB"
      launchStyle = "0"
      useCustomWorkingDirectory = "NO"
      ignoresPersistentStateOnLaunch = "NO"
      debugDocumentVersioning = "YES"
      debugServiceExtension = "internal"
      allowLocationSimulation = "YES">
      <BuildableProductRunnable
         runnableDebuggingMode = "0">
         <BuildableReference
            BuildableIdentifier = "primary"
            BlueprintIdentifier = "A033CF5920A197260050626C"
            BuildableName = "Project 01 - GoodAsOldPhones.app"
            BlueprintName = "Project 01 - GoodAsOldPhones"
            ReferencedContainer = "container:Project 01 - GoodAsOldPhones.xcodeproj">
         </BuildableReference>
      </BuildableProductRunnable>
      <AdditionalOptions>
      </AdditionalOptions>
   </LaunchAction>
   <ProfileAction
      buildConfiguration = "Release"
      shouldUseLaunchSchemeArgsEnv = "YES"
      savedToolIdentifier = ""
      useCustomWorkingDirectory = "NO"
      debugDocumentVersioning = "YES">
      <BuildableProductRunnable
         runnableDebuggingMode = "0">
         <BuildableReference
            BuildableIdentifier = "primary"
            BlueprintIdentifier = "A033CF5920A197260050626C"
            BuildableName = "Project 01 - GoodAsOldPhones.app"
            BlueprintName = "Project 01 - GoodAsOldPhones"
            ReferencedContainer = "container:Project 01 - GoodAsOldPhones.xcodeproj">
         </BuildableReference>
      </BuildableProductRunnable>
   </ProfileAction>
   <AnalyzeAction
      buildConfiguration = "Debug">
   </AnalyzeAction>
   <ArchiveAction
      buildConfiguration = "Release"
      revealArchiveInOrganizer = "YES">
   </ArchiveAction>
</Scheme>
