// !$*UTF8*$!
{
	archiveVersion = 1;
	classes = {
	};
	objectVersion = 50;
	objects = {

/* Begin PBXBuildFile section */
		A0928C6220A9176400A6BAD2 /* AppDelegate.swift in Sources */ = {isa = PBXBuildFile; fileRef = A0928C6120A9176400A6BAD2 /* AppDelegate.swift */; };
		A0928C6420A9176400A6BAD2 /* ViewController.swift in Sources */ = {isa = PBXBuildFile; fileRef = A0928C6320A9176400A6BAD2 /* ViewController.swift */; };
		A0928C6720A9176400A6BAD2 /* Main.storyboard in Resources */ = {isa = PBXBuildFile; fileRef = A0928C6520A9176400A6BAD2 /* Main.storyboard */; };
		A0928C6C20A9176400A6BAD2 /* LaunchScreen.storyboard in Resources */ = {isa = PBXBuildFile; fileRef = A0928C6A20A9176400A6BAD2 /* LaunchScreen.storyboard */; };
		A0928C7420A917A700A6BAD2 /* BaseTableViewController.swift in Sources */ = {isa = PBXBuildFile; fileRef = A0928C7320A917A700A6BAD2 /* BaseTableViewController.swift */; };
		A0928C7620A91B4C00A6BAD2 /* GroupItem.swift in Sources */ = {isa = PBXBuildFile; fileRef = A0928C7520A91B4C00A6BAD2 /* GroupItem.swift */; };
		A0928C7820A91C1F00A6BAD2 /* SettingItem.swift in Sources */ = {isa = PBXBuildFile; fileRef = A0928C7720A91C1F00A6BAD2 /* SettingItem.swift */; };
		A0928C7A20A92B7C00A6BAD2 /* BaseCell.swift in Sources */ = {isa = PBXBuildFile; fileRef = A0928C7920A92B7C00A6BAD2 /* BaseCell.swift */; };
		A0928C7C20A9352800A6BAD2 /* SettingController.swift in Sources */ = {isa = PBXBuildFile; fileRef = A0928C7B20A9352800A6BAD2 /* SettingController.swift */; };
		A0928C9F20A9366D00A6BAD2 /* MoreNetease@2x.png in Resources */ = {isa = PBXBuildFile; fileRef = A0928C7F20A9366D00A6BAD2 /* MoreNetease@2x.png */; };
		A0928CA020A9366D00A6BAD2 /* Contents.json in Resources */ = {isa = PBXBuildFile; fileRef = A0928C8020A9366D00A6BAD2 /* Contents.json */; };
		A0928CA120A9366D00A6BAD2 /* MoreMessage@2x.png in Resources */ = {isa = PBXBuildFile; fileRef = A0928C8220A9366D00A6BAD2 /* MoreMessage@2x.png */; };
		A0928CA220A9366D00A6BAD2 /* Contents.json in Resources */ = {isa = PBXBuildFile; fileRef = A0928C8320A9366D00A6BAD2 /* Contents.json */; };
		A0928CA320A9366D00A6BAD2 /* MoreShare@2x.png in Resources */ = {isa = PBXBuildFile; fileRef = A0928C8520A9366D00A6BAD2 /* MoreShare@2x.png */; };
		A0928CA420A9366D00A6BAD2 /* Contents.json in Resources */ = {isa = PBXBuildFile; fileRef = A0928C8620A9366D00A6BAD2 /* Contents.json */; };
		A0928CA520A9366D00A6BAD2 /* MoreUpdate@2x.png in Resources */ = {isa = PBXBuildFile; fileRef = A0928C8820A9366D00A6BAD2 /* MoreUpdate@2x.png */; };
		A0928CA620A9366D00A6BAD2 /* Contents.json in Resources */ = {isa = PBXBuildFile; fileRef = A0928C8920A9366D00A6BAD2 /* Contents.json */; };
		A0928CA720A9366D00A6BAD2 /* Contents.json in Resources */ = {isa = PBXBuildFile; fileRef = A0928C8B20A9366D00A6BAD2 /* Contents.json */; };
		A0928CA820A9366D00A6BAD2 /* IDInfo@2x.png in Resources */ = {isa = PBXBuildFile; fileRef = A0928C8C20A9366D00A6BAD2 /* IDInfo@2x.png */; };
		A0928CA920A9366D00A6BAD2 /* handShake@2x.png in Resources */ = {isa = PBXBuildFile; fileRef = A0928C8E20A9366D00A6BAD2 /* handShake@2x.png */; };
		A0928CAA20A9366D00A6BAD2 /* Contents.json in Resources */ = {isa = PBXBuildFile; fileRef = A0928C8F20A9366D00A6BAD2 /* Contents.json */; };
		A0928CAB20A9366D00A6BAD2 /* MoreAbout@2x.png in Resources */ = {isa = PBXBuildFile; fileRef = A0928C9120A9366D00A6BAD2 /* MoreAbout@2x.png */; };
		A0928CAC20A9366D00A6BAD2 /* Contents.json in Resources */ = {isa = PBXBuildFile; fileRef = A0928C9220A9366D00A6BAD2 /* Contents.json */; };
		A0928CAD20A9366D00A6BAD2 /* MorePush@2x.png in Resources */ = {isa = PBXBuildFile; fileRef = A0928C9420A9366D00A6BAD2 /* MorePush@2x.png */; };
		A0928CAE20A9366D00A6BAD2 /* Contents.json in Resources */ = {isa = PBXBuildFile; fileRef = A0928C9520A9366D00A6BAD2 /* Contents.json */; };
		A0928CAF20A9366D00A6BAD2 /* Contents.json in Resources */ = {isa = PBXBuildFile; fileRef = A0928C9720A9366D00A6BAD2 /* Contents.json */; };
		A0928CB020A9366D00A6BAD2 /* MoreHelp@2x.png in Resources */ = {isa = PBXBuildFile; fileRef = A0928C9820A9366D00A6BAD2 /* MoreHelp@2x.png */; };
		A0928CB120A9366D00A6BAD2 /* CellArrow@2x.png in Resources */ = {isa = PBXBuildFile; fileRef = A0928C9A20A9366D00A6BAD2 /* CellArrow@2x.png */; };
		A0928CB220A9366D00A6BAD2 /* Contents.json in Resources */ = {isa = PBXBuildFile; fileRef = A0928C9B20A9366D00A6BAD2 /* Contents.json */; };
		A0928CB320A9366D00A6BAD2 /* sound_Effect@2x.png in Resources */ = {isa = PBXBuildFile; fileRef = A0928C9D20A9366D00A6BAD2 /* sound_Effect@2x.png */; };
		A0928CB420A9366D00A6BAD2 /* Contents.json in Resources */ = {isa = PBXBuildFile; fileRef = A0928C9E20A9366D00A6BAD2 /* Contents.json */; };
		A0928CB620A9369500A6BAD2 /* Assets.xcassets in Resources */ = {isa = PBXBuildFile; fileRef = A0928CB520A9369500A6BAD2 /* Assets.xcassets */; };
		A0928CB820A955DD00A6BAD2 /* UIView+Extension.swift in Sources */ = {isa = PBXBuildFile; fileRef = A0928CB720A955DD00A6BAD2 /* UIView+Extension.swift */; };
		A0928CBA20A958AB00A6BAD2 /* FriendTableViewController.swift in Sources */ = {isa = PBXBuildFile; fileRef = A0928CB920A958AB00A6BAD2 /* FriendTableViewController.swift */; };
/* End PBXBuildFile section */

/* Begin PBXFileReference section */
		A0928C5E20A9176400A6BAD2 /* Project -05 Setting-Swift.app */ = {isa = PBXFileReference; explicitFileType = wrapper.application; includeInIndex = 0; path = "Project -05 Setting-Swift.app"; sourceTree = BUILT_PRODUCTS_DIR; };
		A0928C6120A9176400A6BAD2 /* AppDelegate.swift */ = {isa = PBXFileReference; lastKnownFileType = sourcecode.swift; path = AppDelegate.swift; sourceTree = "<group>"; };
		A0928C6320A9176400A6BAD2 /* ViewController.swift */ = {isa = PBXFileReference; lastKnownFileType = sourcecode.swift; path = ViewController.swift; sourceTree = "<group>"; };
		A0928C6620A9176400A6BAD2 /* Base */ = {isa = PBXFileReference; lastKnownFileType = file.storyboard; name = Base; path = Base.lproj/Main.storyboard; sourceTree = "<group>"; };
		A0928C6B20A9176400A6BAD2 /* Base */ = {isa = PBXFileReference; lastKnownFileType = file.storyboard; name = Base; path = Base.lproj/LaunchScreen.storyboard; sourceTree = "<group>"; };
		A0928C6D20A9176400A6BAD2 /* Info.plist */ = {isa = PBXFileReference; lastKnownFileType = text.plist.xml; path = Info.plist; sourceTree = "<group>"; };
		A0928C7320A917A700A6BAD2 /* BaseTableViewController.swift */ = {isa = PBXFileReference; lastKnownFileType = sourcecode.swift; path = BaseTableViewController.swift; sourceTree = "<group>"; };
		A0928C7520A91B4C00A6BAD2 /* GroupItem.swift */ = {isa = PBXFileReference; lastKnownFileType = sourcecode.swift; path = GroupItem.swift; sourceTree = "<group>"; };
		A0928C7720A91C1F00A6BAD2 /* SettingItem.swift */ = {isa = PBXFileReference; lastKnownFileType = sourcecode.swift; path = SettingItem.swift; sourceTree = "<group>"; };
		A0928C7920A92B7C00A6BAD2 /* BaseCell.swift */ = {isa = PBXFileReference; lastKnownFileType = sourcecode.swift; path = BaseCell.swift; sourceTree = "<group>"; };
		A0928C7B20A9352800A6BAD2 /* SettingController.swift */ = {isa = PBXFileReference; lastKnownFileType = sourcecode.swift; path = SettingController.swift; sourceTree = "<group>"; };
		A0928C7F20A9366D00A6BAD2 /* MoreNetease@2x.png */ = {isa = PBXFileReference; lastKnownFileType = image.png; path = "MoreNetease@2x.png"; sourceTree = "<group>"; };
		A0928C8020A9366D00A6BAD2 /* Contents.json */ = {isa = PBXFileReference; fileEncoding = 4; lastKnownFileType = text.json; path = Contents.json; sourceTree = "<group>"; };
		A0928C8220A9366D00A6BAD2 /* MoreMessage@2x.png */ = {isa = PBXFileReference; lastKnownFileType = image.png; path = "MoreMessage@2x.png"; sourceTree = "<group>"; };
		A0928C8320A9366D00A6BAD2 /* Contents.json */ = {isa = PBXFileReference; fileEncoding = 4; lastKnownFileType = text.json; path = Contents.json; sourceTree = "<group>"; };
		A0928C8520A9366D00A6BAD2 /* MoreShare@2x.png */ = {isa = PBXFileReference; lastKnownFileType = image.png; path = "MoreShare@2x.png"; sourceTree = "<group>"; };
		A0928C8620A9366D00A6BAD2 /* Contents.json */ = {isa = PBXFileReference; fileEncoding = 4; lastKnownFileType = text.json; path = Contents.json; sourceTree = "<group>"; };
		A0928C8820A9366D00A6BAD2 /* MoreUpdate@2x.png */ = {isa = PBXFileReference; lastKnownFileType = image.png; path = "MoreUpdate@2x.png"; sourceTree = "<group>"; };
		A0928C8920A9366D00A6BAD2 /* Contents.json */ = {isa = PBXFileReference; fileEncoding = 4; lastKnownFileType = text.json; path = Contents.json; sourceTree = "<group>"; };
		A0928C8B20A9366D00A6BAD2 /* Contents.json */ = {isa = PBXFileReference; fileEncoding = 4; lastKnownFileType = text.json; path = Contents.json; sourceTree = "<group>"; };
		A0928C8C20A9366D00A6BAD2 /* IDInfo@2x.png */ = {isa = PBXFileReference; lastKnownFileType = image.png; path = "IDInfo@2x.png"; sourceTree = "<group>"; };
		A0928C8E20A9366D00A6BAD2 /* handShake@2x.png */ = {isa = PBXFileReference; lastKnownFileType = image.png; path = "handShake@2x.png"; sourceTree = "<group>"; };
		A0928C8F20A9366D00A6BAD2 /* Contents.json */ = {isa = PBXFileReference; fileEncoding = 4; lastKnownFileType = text.json; path = Contents.json; sourceTree = "<group>"; };
		A0928C9120A9366D00A6BAD2 /* MoreAbout@2x.png */ = {isa = PBXFileReference; lastKnownFileType = image.png; path = "MoreAbout@2x.png"; sourceTree = "<group>"; };
		A0928C9220A9366D00A6BAD2 /* Contents.json */ = {isa = PBXFileReference; fileEncoding = 4; lastKnownFileType = text.json; path = Contents.json; sourceTree = "<group>"; };
		A0928C9420A9366D00A6BAD2 /* MorePush@2x.png */ = {isa = PBXFileReference; lastKnownFileType = image.png; path = "MorePush@2x.png"; sourceTree = "<group>"; };
		A0928C9520A9366D00A6BAD2 /* Contents.json */ = {isa = PBXFileReference; fileEncoding = 4; lastKnownFileType = text.json; path = Contents.json; sourceTree = "<group>"; };
		A0928C9720A9366D00A6BAD2 /* Contents.json */ = {isa = PBXFileReference; fileEncoding = 4; lastKnownFileType = text.json; path = Contents.json; sourceTree = "<group>"; };
		A0928C9820A9366D00A6BAD2 /* MoreHelp@2x.png */ = {isa = PBXFileReference; lastKnownFileType = image.png; path = "MoreHelp@2x.png"; sourceTree = "<group>"; };
		A0928C9A20A9366D00A6BAD2 /* CellArrow@2x.png */ = {isa = PBXFileReference; lastKnownFileType = image.png; path = "CellArrow@2x.png"; sourceTree = "<group>"; };
		A0928C9B20A9366D00A6BAD2 /* Contents.json */ = {isa = PBXFileReference; fileEncoding = 4; lastKnownFileType = text.json; path = Contents.json; sourceTree = "<group>"; };
		A0928C9D20A9366D00A6BAD2 /* sound_Effect@2x.png */ = {isa = PBXFileReference; lastKnownFileType = image.png; path = "sound_Effect@2x.png"; sourceTree = "<group>"; };
		A0928C9E20A9366D00A6BAD2 /* Contents.json */ = {isa = PBXFileReference; fileEncoding = 4; lastKnownFileType = text.json; path = Contents.json; sourceTree = "<group>"; };
		A0928CB520A9369500A6BAD2 /* Assets.xcassets */ = {isa = PBXFileReference; lastKnownFileType = folder.assetcatalog; path = Assets.xcassets; sourceTree = "<group>"; };
		A0928CB720A955DD00A6BAD2 /* UIView+Extension.swift */ = {isa = PBXFileReference; lastKnownFileType = sourcecode.swift; path = "UIView+Extension.swift"; sourceTree = "<group>"; };
		A0928CB920A958AB00A6BAD2 /* FriendTableViewController.swift */ = {isa = PBXFileReference; lastKnownFileType = sourcecode.swift; path = FriendTableViewController.swift; sourceTree = "<group>"; };
/* End PBXFileReference section */

/* Begin PBXFrameworksBuildPhase section */
		A0928C5B20A9176400A6BAD2 /* Frameworks */ = {
			isa = PBXFrameworksBuildPhase;
			buildActionMask = 2147483647;
			files = (
			);
			runOnlyForDeploymentPostprocessing = 0;
		};
/* End PBXFrameworksBuildPhase section */

/* Begin PBXGroup section */
		A0928C5520A9176400A6BAD2 = {
			isa = PBXGroup;
			children = (
				A0928C6020A9176400A6BAD2 /* Project -05 Setting-Swift */,
				A0928C5F20A9176400A6BAD2 /* Products */,
			);
			sourceTree = "<group>";
		};
		A0928C5F20A9176400A6BAD2 /* Products */ = {
			isa = PBXGroup;
			children = (
				A0928C5E20A9176400A6BAD2 /* Project -05 Setting-Swift.app */,
			);
			name = Products;
			sourceTree = "<group>";
		};
		A0928C6020A9176400A6BAD2 /* Project -05 Setting-Swift */ = {
			isa = PBXGroup;
			children = (
				A0928C6120A9176400A6BAD2 /* AppDelegate.swift */,
				A0928C6320A9176400A6BAD2 /* ViewController.swift */,
				A0928C7320A917A700A6BAD2 /* BaseTableViewController.swift */,
				A0928C7B20A9352800A6BAD2 /* SettingController.swift */,
				A0928CB920A958AB00A6BAD2 /* FriendTableViewController.swift */,
				A0928C6520A9176400A6BAD2 /* Main.storyboard */,
				A0928C7520A91B4C00A6BAD2 /* GroupItem.swift */,
				A0928C7720A91C1F00A6BAD2 /* SettingItem.swift */,
				A0928C7920A92B7C00A6BAD2 /* BaseCell.swift */,
				A0928CB720A955DD00A6BAD2 /* UIView+Extension.swift */,
				A0928C6A20A9176400A6BAD2 /* LaunchScreen.storyboard */,
				A0928CB520A9369500A6BAD2 /* Assets.xcassets */,
				A0928C7D20A9366D00A6BAD2 /* Setting */,
				A0928C6D20A9176400A6BAD2 /* Info.plist */,
			);
			path = "Project -05 Setting-Swift";
			sourceTree = "<group>";
		};
		A0928C7D20A9366D00A6BAD2 /* Setting */ = {
			isa = PBXGroup;
			children = (
				A0928C7E20A9366D00A6BAD2 /* MoreNetease.imageset */,
				A0928C8120A9366D00A6BAD2 /* MoreMessage.imageset */,
				A0928C8420A9366D00A6BAD2 /* MoreShare.imageset */,
				A0928C8720A9366D00A6BAD2 /* MoreUpdate.imageset */,
				A0928C8A20A9366D00A6BAD2 /* IDInfo.imageset */,
				A0928C8D20A9366D00A6BAD2 /* handShake.imageset */,
				A0928C9020A9366D00A6BAD2 /* MoreAbout.imageset */,
				A0928C9320A9366D00A6BAD2 /* MorePush.imageset */,
				A0928C9620A9366D00A6BAD2 /* MoreHelp.imageset */,
				A0928C9920A9366D00A6BAD2 /* CellArrow.imageset */,
				A0928C9C20A9366D00A6BAD2 /* sound_Effect.imageset */,
			);
			path = Setting;
			sourceTree = "<group>";
		};
		A0928C7E20A9366D00A6BAD2 /* MoreNetease.imageset */ = {
			isa = PBXGroup;
			children = (
				A0928C7F20A9366D00A6BAD2 /* MoreNetease@2x.png */,
				A0928C8020A9366D00A6BAD2 /* Contents.json */,
			);
			path = MoreNetease.imageset;
			sourceTree = "<group>";
		};
		A0928C8120A9366D00A6BAD2 /* MoreMessage.imageset */ = {
			isa = PBXGroup;
			children = (
				A0928C8220A9366D00A6BAD2 /* MoreMessage@2x.png */,
				A0928C8320A9366D00A6BAD2 /* Contents.json */,
			);
			path = MoreMessage.imageset;
			sourceTree = "<group>";
		};
		A0928C8420A9366D00A6BAD2 /* MoreShare.imageset */ = {
			isa = PBXGroup;
			children = (
				A0928C8520A9366D00A6BAD2 /* MoreShare@2x.png */,
				A0928C8620A9366D00A6BAD2 /* Contents.json */,
			);
			path = MoreShare.imageset;
			sourceTree = "<group>";
		};
		A0928C8720A9366D00A6BAD2 /* MoreUpdate.imageset */ = {
			isa = PBXGroup;
			children = (
				A0928C8820A9366D00A6BAD2 /* MoreUpdate@2x.png */,
				A0928C8920A9366D00A6BAD2 /* Contents.json */,
			);
			path = MoreUpdate.imageset;
			sourceTree = "<group>";
		};
		A0928C8A20A9366D00A6BAD2 /* IDInfo.imageset */ = {
			isa = PBXGroup;
			children = (
				A0928C8B20A9366D00A6BAD2 /* Contents.json */,
				A0928C8C20A9366D00A6BAD2 /* IDInfo@2x.png */,
			);
			path = IDInfo.imageset;
			sourceTree = "<group>";
		};
		A0928C8D20A9366D00A6BAD2 /* handShake.imageset */ = {
			isa = PBXGroup;
			children = (
				A0928C8E20A9366D00A6BAD2 /* handShake@2x.png */,
				A0928C8F20A9366D00A6BAD2 /* Contents.json */,
			);
			path = handShake.imageset;
			sourceTree = "<group>";
		};
		A0928C9020A9366D00A6BAD2 /* MoreAbout.imageset */ = {
			isa = PBXGroup;
			children = (
				A0928C9120A9366D00A6BAD2 /* MoreAbout@2x.png */,
				A0928C9220A9366D00A6BAD2 /* Contents.json */,
			);
			path = MoreAbout.imageset;
			sourceTree = "<group>";
		};
		A0928C9320A9366D00A6BAD2 /* MorePush.imageset */ = {
			isa = PBXGroup;
			children = (
				A0928C9420A9366D00A6BAD2 /* MorePush@2x.png */,
				A0928C9520A9366D00A6BAD2 /* Contents.json */,
			);
			path = MorePush.imageset;
			sourceTree = "<group>";
		};
		A0928C9620A9366D00A6BAD2 /* MoreHelp.imageset */ = {
			isa = PBXGroup;
			children = (
				A0928C9720A9366D00A6BAD2 /* Contents.json */,
				A0928C9820A9366D00A6BAD2 /* MoreHelp@2x.png */,
			);
			path = MoreHelp.imageset;
			sourceTree = "<group>";
		};
		A0928C9920A9366D00A6BAD2 /* CellArrow.imageset */ = {
			isa = PBXGroup;
			children = (
				A0928C9A20A9366D00A6BAD2 /* CellArrow@2x.png */,
				A0928C9B20A9366D00A6BAD2 /* Contents.json */,
			);
			path = CellArrow.imageset;
			sourceTree = "<group>";
		};
		A0928C9C20A9366D00A6BAD2 /* sound_Effect.imageset */ = {
			isa = PBXGroup;
			children = (
				A0928C9D20A9366D00A6BAD2 /* sound_Effect@2x.png */,
				A0928C9E20A9366D00A6BAD2 /* Contents.json */,
			);
			path = sound_Effect.imageset;
			sourceTree = "<group>";
		};
/* End PBXGroup section */

/* Begin PBXNativeTarget section */
		A0928C5D20A9176400A6BAD2 /* Project -05 Setting-Swift */ = {
			isa = PBXNativeTarget;
			buildConfigurationList = A0928C7020A9176400A6BAD2 /* Build configuration list for PBXNativeTarget "Project -05 Setting-Swift" */;
			buildPhases = (
				A0928C5A20A9176400A6BAD2 /* Sources */,
				A0928C5B20A9176400A6BAD2 /* Frameworks */,
				A0928C5C20A9176400A6BAD2 /* Resources */,
			);
			buildRules = (
			);
			dependencies = (
			);
			name = "Project -05 Setting-Swift";
			productName = "Project -05 Setting-Swift";
			productReference = A0928C5E20A9176400A6BAD2 /* Project -05 Setting-Swift.app */;
			productType = "com.apple.product-type.application";
		};
/* End PBXNativeTarget section */

/* Begin PBXProject section */
		A0928C5620A9176400A6BAD2 /* Project object */ = {
			isa = PBXProject;
			attributes = {
				LastSwiftUpdateCheck = 0930;
				LastUpgradeCheck = 0930;
				ORGANIZATIONNAME = "王洁";
				TargetAttributes = {
					A0928C5D20A9176400A6BAD2 = {
						CreatedOnToolsVersion = 9.3;
					};
				};
			};
			buildConfigurationList = A0928C5920A9176400A6BAD2 /* Build configuration list for PBXProject "Project -05 Setting-Swift" */;
			compatibilityVersion = "Xcode 9.3";
			developmentRegion = en;
			hasScannedForEncodings = 0;
			knownRegions = (
				en,
				Base,
			);
			mainGroup = A0928C5520A9176400A6BAD2;
			productRefGroup = A0928C5F20A9176400A6BAD2 /* Products */;
			projectDirPath = "";
			projectRoot = "";
			targets = (
				A0928C5D20A9176400A6BAD2 /* Project -05 Setting-Swift */,
			);
		};
/* End PBXProject section */

/* Begin PBXResourcesBuildPhase section */
		A0928C5C20A9176400A6BAD2 /* Resources */ = {
			isa = PBXResourcesBuildPhase;
			buildActionMask = 2147483647;
			files = (
				A0928CA320A9366D00A6BAD2 /* MoreShare@2x.png in Resources */,
				A0928C6C20A9176400A6BAD2 /* LaunchScreen.storyboard in Resources */,
				A0928CB120A9366D00A6BAD2 /* CellArrow@2x.png in Resources */,
				A0928C9F20A9366D00A6BAD2 /* MoreNetease@2x.png in Resources */,
				A0928CB620A9369500A6BAD2 /* Assets.xcassets in Resources */,
				A0928CAD20A9366D00A6BAD2 /* MorePush@2x.png in Resources */,
				A0928CB020A9366D00A6BAD2 /* MoreHelp@2x.png in Resources */,
				A0928CAC20A9366D00A6BAD2 /* Contents.json in Resources */,
				A0928CA820A9366D00A6BAD2 /* IDInfo@2x.png in Resources */,
				A0928CB320A9366D00A6BAD2 /* sound_Effect@2x.png in Resources */,
				A0928CAB20A9366D00A6BAD2 /* MoreAbout@2x.png in Resources */,
				A0928CB220A9366D00A6BAD2 /* Contents.json in Resources */,
				A0928CB420A9366D00A6BAD2 /* Contents.json in Resources */,
				A0928CA520A9366D00A6BAD2 /* MoreUpdate@2x.png in Resources */,
				A0928CA920A9366D00A6BAD2 /* handShake@2x.png in Resources */,
				A0928CA420A9366D00A6BAD2 /* Contents.json in Resources */,
				A0928CA620A9366D00A6BAD2 /* Contents.json in Resources */,
				A0928CAE20A9366D00A6BAD2 /* Contents.json in Resources */,
				A0928CA120A9366D00A6BAD2 /* MoreMessage@2x.png in Resources */,
				A0928C6720A9176400A6BAD2 /* Main.storyboard in Resources */,
				A0928CA020A9366D00A6BAD2 /* Contents.json in Resources */,
				A0928CA720A9366D00A6BAD2 /* Contents.json in Resources */,
				A0928CA220A9366D00A6BAD2 /* Contents.json in Resources */,
				A0928CAA20A9366D00A6BAD2 /* Contents.json in Resources */,
				A0928CAF20A9366D00A6BAD2 /* Contents.json in Resources */,
			);
			runOnlyForDeploymentPostprocessing = 0;
		};
/* End PBXResourcesBuildPhase section */

/* Begin PBXSourcesBuildPhase section */
		A0928C5A20A9176400A6BAD2 /* Sources */ = {
			isa = PBXSourcesBuildPhase;
			buildActionMask = 2147483647;
			files = (
				A0928C7420A917A700A6BAD2 /* BaseTableViewController.swift in Sources */,
				A0928C6420A9176400A6BAD2 /* ViewController.swift in Sources */,
				A0928CB820A955DD00A6BAD2 /* UIView+Extension.swift in Sources */,
				A0928C7620A91B4C00A6BAD2 /* GroupItem.swift in Sources */,
				A0928C7820A91C1F00A6BAD2 /* SettingItem.swift in Sources */,
				A0928C7A20A92B7C00A6BAD2 /* BaseCell.swift in Sources */,
				A0928C6220A9176400A6BAD2 /* AppDelegate.swift in Sources */,
				A0928C7C20A9352800A6BAD2 /* SettingController.swift in Sources */,
				A0928CBA20A958AB00A6BAD2 /* FriendTableViewController.swift in Sources */,
			);
			runOnlyForDeploymentPostprocessing = 0;
		};
/* End PBXSourcesBuildPhase section */

/* Begin PBXVariantGroup section */
		A0928C6520A9176400A6BAD2 /* Main.storyboard */ = {
			isa = PBXVariantGroup;
			children = (
				A0928C6620A9176400A6BAD2 /* Base */,
			);
			name = Main.storyboard;
			sourceTree = "<group>";
		};
		A0928C6A20A9176400A6BAD2 /* LaunchScreen.storyboard */ = {
			isa = PBXVariantGroup;
			children = (
				A0928C6B20A9176400A6BAD2 /* Base */,
			);
			name = LaunchScreen.storyboard;
			sourceTree = "<group>";
		};
/* End PBXVariantGroup section */

/* Begin XCBuildConfiguration section */
		A0928C6E20A9176400A6BAD2 /* Debug */ = {
			isa = XCBuildConfiguration;
			buildSettings = {
				ALWAYS_SEARCH_USER_PATHS = NO;
				CLANG_ANALYZER_NONNULL = YES;
				CLANG_ANALYZER_NUMBER_OBJECT_CONVERSION = YES_AGGRESSIVE;
				CLANG_CXX_LANGUAGE_STANDARD = "gnu++14";
				CLANG_CXX_LIBRARY = "libc++";
				CLANG_ENABLE_MODULES = YES;
				CLANG_ENABLE_OBJC_ARC = YES;
				CLANG_ENABLE_OBJC_WEAK = YES;
				CLANG_WARN_BLOCK_CAPTURE_AUTORELEASING = YES;
				CLANG_WARN_BOOL_CONVERSION = YES;
				CLANG_WARN_COMMA = YES;
				CLANG_WARN_CONSTANT_CONVERSION = YES;
				CLANG_WARN_DEPRECATED_OBJC_IMPLEMENTATIONS = YES;
				CLANG_WARN_DIRECT_OBJC_ISA_USAGE = YES_ERROR;
				CLANG_WARN_DOCUMENTATION_COMMENTS = YES;
				CLANG_WARN_EMPTY_BODY = YES;
				CLANG_WARN_ENUM_CONVERSION = YES;
				CLANG_WARN_INFINITE_RECURSION = YES;
				CLANG_WARN_INT_CONVERSION = YES;
				CLANG_WARN_NON_LITERAL_NULL_CONVERSION = YES;
				CLANG_WARN_OBJC_IMPLICIT_RETAIN_SELF = YES;
				CLANG_WARN_OBJC_LITERAL_CONVERSION = YES;
				CLANG_WARN_OBJC_ROOT_CLASS = YES_ERROR;
				CLANG_WARN_RANGE_LOOP_ANALYSIS = YES;
				CLANG_WARN_STRICT_PROTOTYPES = YES;
				CLANG_WARN_SUSPICIOUS_MOVE = YES;
				CLANG_WARN_UNGUARDED_AVAILABILITY = YES_AGGRESSIVE;
				CLANG_WARN_UNREACHABLE_CODE = YES;
				CLANG_WARN__DUPLICATE_METHOD_MATCH = YES;
				CODE_SIGN_IDENTITY = "iPhone Developer";
				COPY_PHASE_STRIP = NO;
				DEBUG_INFORMATION_FORMAT = dwarf;
				ENABLE_STRICT_OBJC_MSGSEND = YES;
				ENABLE_TESTABILITY = YES;
				GCC_C_LANGUAGE_STANDARD = gnu11;
				GCC_DYNAMIC_NO_PIC = NO;
				GCC_NO_COMMON_BLOCKS = YES;
				GCC_OPTIMIZATION_LEVEL = 0;
				GCC_PREPROCESSOR_DEFINITIONS = (
					"DEBUG=1",
					"$(inherited)",
				);
				GCC_WARN_64_TO_32_BIT_CONVERSION = YES;
				GCC_WARN_ABOUT_RETURN_TYPE = YES_ERROR;
				GCC_WARN_UNDECLARED_SELECTOR = YES;
				GCC_WARN_UNINITIALIZED_AUTOS = YES_AGGRESSIVE;
				GCC_WARN_UNUSED_FUNCTION = YES;
				GCC_WARN_UNUSED_VARIABLE = YES;
				IPHONEOS_DEPLOYMENT_TARGET = 11.3;
				MTL_ENABLE_DEBUG_INFO = YES;
				ONLY_ACTIVE_ARCH = YES;
				SDKROOT = iphoneos;
				SWIFT_ACTIVE_COMPILATION_CONDITIONS = DEBUG;
				SWIFT_OPTIMIZATION_LEVEL = "-Onone";
			};
			name = Debug;
		};
		A0928C6F20A9176400A6BAD2 /* Release */ = {
			isa = XCBuildConfiguration;
			buildSettings = {
				ALWAYS_SEARCH_USER_PATHS = NO;
				CLANG_ANALYZER_NONNULL = YES;
				CLANG_ANALYZER_NUMBER_OBJECT_CONVERSION = YES_AGGRESSIVE;
				CLANG_CXX_LANGUAGE_STANDARD = "gnu++14";
				CLANG_CXX_LIBRARY = "libc++";
				CLANG_ENABLE_MODULES = YES;
				CLANG_ENABLE_OBJC_ARC = YES;
				CLANG_ENABLE_OBJC_WEAK = YES;
				CLANG_WARN_BLOCK_CAPTURE_AUTORELEASING = YES;
				CLANG_WARN_BOOL_CONVERSION = YES;
				CLANG_WARN_COMMA = YES;
				CLANG_WARN_CONSTANT_CONVERSION = YES;
				CLANG_WARN_DEPRECATED_OBJC_IMPLEMENTATIONS = YES;
				CLANG_WARN_DIRECT_OBJC_ISA_USAGE = YES_ERROR;
				CLANG_WARN_DOCUMENTATION_COMMENTS = YES;
				CLANG_WARN_EMPTY_BODY = YES;
				CLANG_WARN_ENUM_CONVERSION = YES;
				CLANG_WARN_INFINITE_RECURSION = YES;
				CLANG_WARN_INT_CONVERSION = YES;
				CLANG_WARN_NON_LITERAL_NULL_CONVERSION = YES;
				CLANG_WARN_OBJC_IMPLICIT_RETAIN_SELF = YES;
				CLANG_WARN_OBJC_LITERAL_CONVERSION = YES;
				CLANG_WARN_OBJC_ROOT_CLASS = YES_ERROR;
				CLANG_WARN_RANGE_LOOP_ANALYSIS = YES;
				CLANG_WARN_STRICT_PROTOTYPES = YES;
				CLANG_WARN_SUSPICIOUS_MOVE = YES;
				CLANG_WARN_UNGUARDED_AVAILABILITY = YES_AGGRESSIVE;
				CLANG_WARN_UNREACHABLE_CODE = YES;
				CLANG_WARN__DUPLICATE_METHOD_MATCH = YES;
				CODE_SIGN_IDENTITY = "iPhone Developer";
				COPY_PHASE_STRIP = NO;
				DEBUG_INFORMATION_FORMAT = "dwarf-with-dsym";
				ENABLE_NS_ASSERTIONS = NO;
				ENABLE_STRICT_OBJC_MSGSEND = YES;
				GCC_C_LANGUAGE_STANDARD = gnu11;
				GCC_NO_COMMON_BLOCKS = YES;
				GCC_WARN_64_TO_32_BIT_CONVERSION = YES;
				GCC_WARN_ABOUT_RETURN_TYPE = YES_ERROR;
				GCC_WARN_UNDECLARED_SELECTOR = YES;
				GCC_WARN_UNINITIALIZED_AUTOS = YES_AGGRESSIVE;
				GCC_WARN_UNUSED_FUNCTION = YES;
				GCC_WARN_UNUSED_VARIABLE = YES;
				IPHONEOS_DEPLOYMENT_TARGET = 11.3;
				MTL_ENABLE_DEBUG_INFO = NO;
				SDKROOT = iphoneos;
				SWIFT_COMPILATION_MODE = wholemodule;
				SWIFT_OPTIMIZATION_LEVEL = "-O";
				VALIDATE_PRODUCT = YES;
			};
			name = Release;
		};
		A0928C7120A9176400A6BAD2 /* Debug */ = {
			isa = XCBuildConfiguration;
			buildSettings = {
				ASSETCATALOG_COMPILER_APPICON_NAME = AppIcon;
				CODE_SIGN_STYLE = Automatic;
				DEVELOPMENT_TEAM = 96WL48P5S9;
				INFOPLIST_FILE = "Project -05 Setting-Swift/Info.plist";
				LD_RUNPATH_SEARCH_PATHS = (
					"$(inherited)",
					"@executable_path/Frameworks",
				);
				PRODUCT_BUNDLE_IDENTIFIER = WJ.StopWatchSwift;
				PRODUCT_NAME = "$(TARGET_NAME)";
				SWIFT_VERSION = 4.0;
				TARGETED_DEVICE_FAMILY = "1,2";
			};
			name = Debug;
		};
		A0928C7220A9176400A6BAD2 /* Release */ = {
			isa = XCBuildConfiguration;
			buildSettings = {
				ASSETCATALOG_COMPILER_APPICON_NAME = AppIcon;
				CODE_SIGN_STYLE = Automatic;
				DEVELOPMENT_TEAM = 96WL48P5S9;
				INFOPLIST_FILE = "Project -05 Setting-Swift/Info.plist";
				LD_RUNPATH_SEARCH_PATHS = (
					"$(inherited)",
					"@executable_path/Frameworks",
				);
				PRODUCT_BUNDLE_IDENTIFIER = WJ.StopWatchSwift;
				PRODUCT_NAME = "$(TARGET_NAME)";
				SWIFT_VERSION = 4.0;
				TARGETED_DEVICE_FAMILY = "1,2";
			};
			name = Release;
		};
/* End XCBuildConfiguration section */

/* Begin XCConfigurationList section */
		A0928C5920A9176400A6BAD2 /* Build configuration list for PBXProject "Project -05 Setting-Swift" */ = {
			isa = XCConfigurationList;
			buildConfigurations = (
				A0928C6E20A9176400A6BAD2 /* Debug */,
				A0928C6F20A9176400A6BAD2 /* Release */,
			);
			defaultConfigurationIsVisible = 0;
			defaultConfigurationName = Release;
		};
		A0928C7020A9176400A6BAD2 /* Build configuration list for PBXNativeTarget "Project -05 Setting-Swift" */ = {
			isa = XCConfigurationList;
			buildConfigurations = (
				A0928C7120A9176400A6BAD2 /* Debug */,
				A0928C7220A9176400A6BAD2 /* Release */,
			);
			defaultConfigurationIsVisible = 0;
			defaultConfigurationName = Release;
		};
/* End XCConfigurationList section */
	};
	rootObject = A0928C5620A9176400A6BAD2 /* Project object */;
}
