// !$*UTF8*$!
{
	archiveVersion = 1;
	classes = {
	};
	objectVersion = 50;
	objects = {

/* Begin PBXBuildFile section */
		A033CF5E20A197260050626C /* AppDelegate.swift in Sources */ = {isa = PBXBuildFile; fileRef = A033CF5D20A197260050626C /* AppDelegate.swift */; };
		A033CF6020A197260050626C /* ViewController.swift in Sources */ = {isa = PBXBuildFile; fileRef = A033CF5F20A197260050626C /* ViewController.swift */; };
		A033CF6320A197260050626C /* Main.storyboard in Resources */ = {isa = PBXBuildFile; fileRef = A033CF6120A197260050626C /* Main.storyboard */; };
		A033CF6520A197280050626C /* Assets.xcassets in Resources */ = {isa = PBXBuildFile; fileRef = A033CF6420A197280050626C /* Assets.xcassets */; };
		A033CF6820A197280050626C /* LaunchScreen.storyboard in Resources */ = {isa = PBXBuildFile; fileRef = A033CF6620A197280050626C /* LaunchScreen.storyboard */; };
		A033CF7320A197280050626C /* Project_01___GoodAsOldPhonesTests.swift in Sources */ = {isa = PBXBuildFile; fileRef = A033CF7220A197280050626C /* Project_01___GoodAsOldPhonesTests.swift */; };
		A033CF7E20A197280050626C /* Project_01___GoodAsOldPhonesUITests.swift in Sources */ = {isa = PBXBuildFile; fileRef = A033CF7D20A197280050626C /* Project_01___GoodAsOldPhonesUITests.swift */; };
		A033CF8C20A1979E0050626C /* BaseNavigationController.swift in Sources */ = {isa = PBXBuildFile; fileRef = A033CF8B20A1979E0050626C /* BaseNavigationController.swift */; };
		A033CF8E20A197BB0050626C /* BaseTabBarController.swift in Sources */ = {isa = PBXBuildFile; fileRef = A033CF8D20A197BB0050626C /* BaseTabBarController.swift */; };
		A033CF9020A19D1B0050626C /* ProductsTableViewController.swift in Sources */ = {isa = PBXBuildFile; fileRef = A033CF8F20A19D1B0050626C /* ProductsTableViewController.swift */; };
		A033CF9220A19D290050626C /* ContactViewController.swift in Sources */ = {isa = PBXBuildFile; fileRef = A033CF9120A19D290050626C /* ContactViewController.swift */; };
		A033CF9420A19D9E0050626C /* Products.swift in Sources */ = {isa = PBXBuildFile; fileRef = A033CF9320A19D9E0050626C /* Products.swift */; };
		A033CF9620A1A0950050626C /* ProductsDetailViewController.swift in Sources */ = {isa = PBXBuildFile; fileRef = A033CF9520A1A0950050626C /* ProductsDetailViewController.swift */; };
		A033CF9920A1AD5D0050626C /* ProductCellController.swift in Sources */ = {isa = PBXBuildFile; fileRef = A033CF9820A1AD5D0050626C /* ProductCellController.swift */; };
		A033CF9B20A1AD7F0050626C /* ProductCell.swift in Sources */ = {isa = PBXBuildFile; fileRef = A033CF9A20A1AD7F0050626C /* ProductCell.swift */; };
		A080F6AC20A2838C002BDFE7 /* Extension.swift in Sources */ = {isa = PBXBuildFile; fileRef = A080F6AB20A2838C002BDFE7 /* Extension.swift */; };
		EB68874B158B46489E54EBAD /* libPods-Project 01 - GoodAsOldPhones.a in Frameworks */ = {isa = PBXBuildFile; fileRef = E1E60815AF3BF354E80064F7 /* libPods-Project 01 - GoodAsOldPhones.a */; };
/* End PBXBuildFile section */

/* Begin PBXContainerItemProxy section */
		A033CF6F20A197280050626C /* PBXContainerItemProxy */ = {
			isa = PBXContainerItemProxy;
			containerPortal = A033CF5220A197260050626C /* Project object */;
			proxyType = 1;
			remoteGlobalIDString = A033CF5920A197260050626C;
			remoteInfo = "Project 01 - GoodAsOldPhones";
		};
		A033CF7A20A197280050626C /* PBXContainerItemProxy */ = {
			isa = PBXContainerItemProxy;
			containerPortal = A033CF5220A197260050626C /* Project object */;
			proxyType = 1;
			remoteGlobalIDString = A033CF5920A197260050626C;
			remoteInfo = "Project 01 - GoodAsOldPhones";
		};
/* End PBXContainerItemProxy section */

/* Begin PBXFileReference section */
		1A77A05FC2AD4770B8C35522 /* Pods-Project 01 - GoodAsOldPhones.release.xcconfig */ = {isa = PBXFileReference; includeInIndex = 1; lastKnownFileType = text.xcconfig; name = "Pods-Project 01 - GoodAsOldPhones.release.xcconfig"; path = "Pods/Target Support Files/Pods-Project 01 - GoodAsOldPhones/Pods-Project 01 - GoodAsOldPhones.release.xcconfig"; sourceTree = "<group>"; };
		29C24BE7D07388CCEB279B4D /* Pods-Project 01 - GoodAsOldPhones.debug.xcconfig */ = {isa = PBXFileReference; includeInIndex = 1; lastKnownFileType = text.xcconfig; name = "Pods-Project 01 - GoodAsOldPhones.debug.xcconfig"; path = "Pods/Target Support Files/Pods-Project 01 - GoodAsOldPhones/Pods-Project 01 - GoodAsOldPhones.debug.xcconfig"; sourceTree = "<group>"; };
		A033CF5A20A197260050626C /* Project 01 - GoodAsOldPhones.app */ = {isa = PBXFileReference; explicitFileType = wrapper.application; includeInIndex = 0; path = "Project 01 - GoodAsOldPhones.app"; sourceTree = BUILT_PRODUCTS_DIR; };
		A033CF5D20A197260050626C /* AppDelegate.swift */ = {isa = PBXFileReference; lastKnownFileType = sourcecode.swift; path = AppDelegate.swift; sourceTree = "<group>"; };
		A033CF5F20A197260050626C /* ViewController.swift */ = {isa = PBXFileReference; lastKnownFileType = sourcecode.swift; path = ViewController.swift; sourceTree = "<group>"; };
		A033CF6220A197260050626C /* Base */ = {isa = PBXFileReference; lastKnownFileType = file.storyboard; name = Base; path = Base.lproj/Main.storyboard; sourceTree = "<group>"; };
		A033CF6420A197280050626C /* Assets.xcassets */ = {isa = PBXFileReference; lastKnownFileType = folder.assetcatalog; path = Assets.xcassets; sourceTree = "<group>"; };
		A033CF6720A197280050626C /* Base */ = {isa = PBXFileReference; lastKnownFileType = file.storyboard; name = Base; path = Base.lproj/LaunchScreen.storyboard; sourceTree = "<group>"; };
		A033CF6920A197280050626C /* Info.plist */ = {isa = PBXFileReference; lastKnownFileType = text.plist.xml; path = Info.plist; sourceTree = "<group>"; };
		A033CF6E20A197280050626C /* Project 01 - GoodAsOldPhonesTests.xctest */ = {isa = PBXFileReference; explicitFileType = wrapper.cfbundle; includeInIndex = 0; path = "Project 01 - GoodAsOldPhonesTests.xctest"; sourceTree = BUILT_PRODUCTS_DIR; };
		A033CF7220A197280050626C /* Project_01___GoodAsOldPhonesTests.swift */ = {isa = PBXFileReference; lastKnownFileType = sourcecode.swift; path = "Project_01___GoodAsOldPhonesTests.swift"; sourceTree = "<group>"; };
		A033CF7420A197280050626C /* Info.plist */ = {isa = PBXFileReference; lastKnownFileType = text.plist.xml; path = Info.plist; sourceTree = "<group>"; };
		A033CF7920A197280050626C /* Project 01 - GoodAsOldPhonesUITests.xctest */ = {isa = PBXFileReference; explicitFileType = wrapper.cfbundle; includeInIndex = 0; path = "Project 01 - GoodAsOldPhonesUITests.xctest"; sourceTree = BUILT_PRODUCTS_DIR; };
		A033CF7D20A197280050626C /* Project_01___GoodAsOldPhonesUITests.swift */ = {isa = PBXFileReference; lastKnownFileType = sourcecode.swift; path = "Project_01___GoodAsOldPhonesUITests.swift"; sourceTree = "<group>"; };
		A033CF7F20A197280050626C /* Info.plist */ = {isa = PBXFileReference; lastKnownFileType = text.plist.xml; path = Info.plist; sourceTree = "<group>"; };
		A033CF8B20A1979E0050626C /* BaseNavigationController.swift */ = {isa = PBXFileReference; lastKnownFileType = sourcecode.swift; path = BaseNavigationController.swift; sourceTree = "<group>"; };
		A033CF8D20A197BB0050626C /* BaseTabBarController.swift */ = {isa = PBXFileReference; lastKnownFileType = sourcecode.swift; path = BaseTabBarController.swift; sourceTree = "<group>"; };
		A033CF8F20A19D1B0050626C /* ProductsTableViewController.swift */ = {isa = PBXFileReference; lastKnownFileType = sourcecode.swift; path = ProductsTableViewController.swift; sourceTree = "<group>"; };
		A033CF9120A19D290050626C /* ContactViewController.swift */ = {isa = PBXFileReference; lastKnownFileType = sourcecode.swift; path = ContactViewController.swift; sourceTree = "<group>"; };
		A033CF9320A19D9E0050626C /* Products.swift */ = {isa = PBXFileReference; lastKnownFileType = sourcecode.swift; path = Products.swift; sourceTree = "<group>"; };
		A033CF9520A1A0950050626C /* ProductsDetailViewController.swift */ = {isa = PBXFileReference; lastKnownFileType = sourcecode.swift; path = ProductsDetailViewController.swift; sourceTree = "<group>"; };
		A033CF9820A1AD5D0050626C /* ProductCellController.swift */ = {isa = PBXFileReference; lastKnownFileType = sourcecode.swift; path = ProductCellController.swift; sourceTree = "<group>"; };
		A033CF9A20A1AD7F0050626C /* ProductCell.swift */ = {isa = PBXFileReference; lastKnownFileType = sourcecode.swift; path = ProductCell.swift; sourceTree = "<group>"; };
		A080F6A620A28041002BDFE7 /* Project 01 - GoodAsOldPhones-Bridging-Header.h */ = {isa = PBXFileReference; lastKnownFileType = sourcecode.c.h; path = "Project 01 - GoodAsOldPhones-Bridging-Header.h"; sourceTree = "<group>"; };
		A080F6AB20A2838C002BDFE7 /* Extension.swift */ = {isa = PBXFileReference; fileEncoding = 4; lastKnownFileType = sourcecode.swift; path = Extension.swift; sourceTree = "<group>"; };
		E1E60815AF3BF354E80064F7 /* libPods-Project 01 - GoodAsOldPhones.a */ = {isa = PBXFileReference; explicitFileType = archive.ar; includeInIndex = 0; path = "libPods-Project 01 - GoodAsOldPhones.a"; sourceTree = BUILT_PRODUCTS_DIR; };
/* End PBXFileReference section */

/* Begin PBXFrameworksBuildPhase section */
		A033CF5720A197260050626C /* Frameworks */ = {
			isa = PBXFrameworksBuildPhase;
			buildActionMask = 2147483647;
			files = (
				EB68874B158B46489E54EBAD /* libPods-Project 01 - GoodAsOldPhones.a in Frameworks */,
			);
			runOnlyForDeploymentPostprocessing = 0;
		};
		A033CF6B20A197280050626C /* Frameworks */ = {
			isa = PBXFrameworksBuildPhase;
			buildActionMask = 2147483647;
			files = (
			);
			runOnlyForDeploymentPostprocessing = 0;
		};
		A033CF7620A197280050626C /* Frameworks */ = {
			isa = PBXFrameworksBuildPhase;
			buildActionMask = 2147483647;
			files = (
			);
			runOnlyForDeploymentPostprocessing = 0;
		};
/* End PBXFrameworksBuildPhase section */

/* Begin PBXGroup section */
		3476CA5B31D05A10993B6864 /* Pods */ = {
			isa = PBXGroup;
			children = (
				29C24BE7D07388CCEB279B4D /* Pods-Project 01 - GoodAsOldPhones.debug.xcconfig */,
				1A77A05FC2AD4770B8C35522 /* Pods-Project 01 - GoodAsOldPhones.release.xcconfig */,
			);
			name = Pods;
			sourceTree = "<group>";
		};
		A033CF5120A197260050626C = {
			isa = PBXGroup;
			children = (
				A033CF5C20A197260050626C /* Project 01 - GoodAsOldPhones */,
				A033CF7120A197280050626C /* Project 01 - GoodAsOldPhonesTests */,
				A033CF7C20A197280050626C /* Project 01 - GoodAsOldPhonesUITests */,
				A033CF5B20A197260050626C /* Products */,
				3476CA5B31D05A10993B6864 /* Pods */,
				BD626E70AF8794AB37B3F6E4 /* Frameworks */,
			);
			sourceTree = "<group>";
		};
		A033CF5B20A197260050626C /* Products */ = {
			isa = PBXGroup;
			children = (
				A033CF5A20A197260050626C /* Project 01 - GoodAsOldPhones.app */,
				A033CF6E20A197280050626C /* Project 01 - GoodAsOldPhonesTests.xctest */,
				A033CF7920A197280050626C /* Project 01 - GoodAsOldPhonesUITests.xctest */,
			);
			name = Products;
			sourceTree = "<group>";
		};
		A033CF5C20A197260050626C /* Project 01 - GoodAsOldPhones */ = {
			isa = PBXGroup;
			children = (
				A033CF5D20A197260050626C /* AppDelegate.swift */,
				A033CF5F20A197260050626C /* ViewController.swift */,
				A033CF8B20A1979E0050626C /* BaseNavigationController.swift */,
				A033CF8D20A197BB0050626C /* BaseTabBarController.swift */,
				A033CF8F20A19D1B0050626C /* ProductsTableViewController.swift */,
				A033CF9520A1A0950050626C /* ProductsDetailViewController.swift */,
				A033CF9820A1AD5D0050626C /* ProductCellController.swift */,
				A033CF9120A19D290050626C /* ContactViewController.swift */,
				A033CF9320A19D9E0050626C /* Products.swift */,
				A033CF9A20A1AD7F0050626C /* ProductCell.swift */,
				A080F6AB20A2838C002BDFE7 /* Extension.swift */,
				A033CF6120A197260050626C /* Main.storyboard */,
				A033CF6420A197280050626C /* Assets.xcassets */,
				A033CF6620A197280050626C /* LaunchScreen.storyboard */,
				A033CF6920A197280050626C /* Info.plist */,
				A080F6A620A28041002BDFE7 /* Project 01 - GoodAsOldPhones-Bridging-Header.h */,
			);
			path = "Project 01 - GoodAsOldPhones";
			sourceTree = "<group>";
		};
		A033CF7120A197280050626C /* Project 01 - GoodAsOldPhonesTests */ = {
			isa = PBXGroup;
			children = (
				A033CF7220A197280050626C /* Project_01___GoodAsOldPhonesTests.swift */,
				A033CF7420A197280050626C /* Info.plist */,
			);
			path = "Project 01 - GoodAsOldPhonesTests";
			sourceTree = "<group>";
		};
		A033CF7C20A197280050626C /* Project 01 - GoodAsOldPhonesUITests */ = {
			isa = PBXGroup;
			children = (
				A033CF7D20A197280050626C /* Project_01___GoodAsOldPhonesUITests.swift */,
				A033CF7F20A197280050626C /* Info.plist */,
			);
			path = "Project 01 - GoodAsOldPhonesUITests";
			sourceTree = "<group>";
		};
		BD626E70AF8794AB37B3F6E4 /* Frameworks */ = {
			isa = PBXGroup;
			children = (
				E1E60815AF3BF354E80064F7 /* libPods-Project 01 - GoodAsOldPhones.a */,
			);
			name = Frameworks;
			sourceTree = "<group>";
		};
/* End PBXGroup section */

/* Begin PBXNativeTarget section */
		A033CF5920A197260050626C /* Project 01 - GoodAsOldPhones */ = {
			isa = PBXNativeTarget;
			buildConfigurationList = A033CF8220A197280050626C /* Build configuration list for PBXNativeTarget "Project 01 - GoodAsOldPhones" */;
			buildPhases = (
				6FF6B6C6BFE5B4B689A42271 /* [CP] Check Pods Manifest.lock */,
				A033CF5620A197260050626C /* Sources */,
				A033CF5720A197260050626C /* Frameworks */,
				A033CF5820A197260050626C /* Resources */,
			);
			buildRules = (
			);
			dependencies = (
			);
			name = "Project 01 - GoodAsOldPhones";
			productName = "Project 01 - GoodAsOldPhones";
			productReference = A033CF5A20A197260050626C /* Project 01 - GoodAsOldPhones.app */;
			productType = "com.apple.product-type.application";
		};
		A033CF6D20A197280050626C /* Project 01 - GoodAsOldPhonesTests */ = {
			isa = PBXNativeTarget;
			buildConfigurationList = A033CF8520A197280050626C /* Build configuration list for PBXNativeTarget "Project 01 - GoodAsOldPhonesTests" */;
			buildPhases = (
				A033CF6A20A197280050626C /* Sources */,
				A033CF6B20A197280050626C /* Frameworks */,
				A033CF6C20A197280050626C /* Resources */,
			);
			buildRules = (
			);
			dependencies = (
				A033CF7020A197280050626C /* PBXTargetDependency */,
			);
			name = "Project 01 - GoodAsOldPhonesTests";
			productName = "Project 01 - GoodAsOldPhonesTests";
			productReference = A033CF6E20A197280050626C /* Project 01 - GoodAsOldPhonesTests.xctest */;
			productType = "com.apple.product-type.bundle.unit-test";
		};
		A033CF7820A197280050626C /* Project 01 - GoodAsOldPhonesUITests */ = {
			isa = PBXNativeTarget;
			buildConfigurationList = A033CF8820A197280050626C /* Build configuration list for PBXNativeTarget "Project 01 - GoodAsOldPhonesUITests" */;
			buildPhases = (
				A033CF7520A197280050626C /* Sources */,
				A033CF7620A197280050626C /* Frameworks */,
				A033CF7720A197280050626C /* Resources */,
			);
			buildRules = (
			);
			dependencies = (
				A033CF7B20A197280050626C /* PBXTargetDependency */,
			);
			name = "Project 01 - GoodAsOldPhonesUITests";
			productName = "Project 01 - GoodAsOldPhonesUITests";
			productReference = A033CF7920A197280050626C /* Project 01 - GoodAsOldPhonesUITests.xctest */;
			productType = "com.apple.product-type.bundle.ui-testing";
		};
/* End PBXNativeTarget section */

/* Begin PBXProject section */
		A033CF5220A197260050626C /* Project object */ = {
			isa = PBXProject;
			attributes = {
				LastSwiftUpdateCheck = 0930;
				LastUpgradeCheck = 0930;
				ORGANIZATIONNAME = "王洁";
				TargetAttributes = {
					A033CF5920A197260050626C = {
						CreatedOnToolsVersion = 9.3;
						LastSwiftMigration = 0930;
					};
					A033CF6D20A197280050626C = {
						CreatedOnToolsVersion = 9.3;
						TestTargetID = A033CF5920A197260050626C;
					};
					A033CF7820A197280050626C = {
						CreatedOnToolsVersion = 9.3;
						TestTargetID = A033CF5920A197260050626C;
					};
				};
			};
			buildConfigurationList = A033CF5520A197260050626C /* Build configuration list for PBXProject "Project 01 - GoodAsOldPhones" */;
			compatibilityVersion = "Xcode 9.3";
			developmentRegion = en;
			hasScannedForEncodings = 0;
			knownRegions = (
				en,
				Base,
			);
			mainGroup = A033CF5120A197260050626C;
			productRefGroup = A033CF5B20A197260050626C /* Products */;
			projectDirPath = "";
			projectRoot = "";
			targets = (
				A033CF5920A197260050626C /* Project 01 - GoodAsOldPhones */,
				A033CF6D20A197280050626C /* Project 01 - GoodAsOldPhonesTests */,
				A033CF7820A197280050626C /* Project 01 - GoodAsOldPhonesUITests */,
			);
		};
/* End PBXProject section */

/* Begin PBXResourcesBuildPhase section */
		A033CF5820A197260050626C /* Resources */ = {
			isa = PBXResourcesBuildPhase;
			buildActionMask = 2147483647;
			files = (
				A033CF6820A197280050626C /* LaunchScreen.storyboard in Resources */,
				A033CF6520A197280050626C /* Assets.xcassets in Resources */,
				A033CF6320A197260050626C /* Main.storyboard in Resources */,
			);
			runOnlyForDeploymentPostprocessing = 0;
		};
		A033CF6C20A197280050626C /* Resources */ = {
			isa = PBXResourcesBuildPhase;
			buildActionMask = 2147483647;
			files = (
			);
			runOnlyForDeploymentPostprocessing = 0;
		};
		A033CF7720A197280050626C /* Resources */ = {
			isa = PBXResourcesBuildPhase;
			buildActionMask = 2147483647;
			files = (
			);
			runOnlyForDeploymentPostprocessing = 0;
		};
/* End PBXResourcesBuildPhase section */

/* Begin PBXShellScriptBuildPhase section */
		6FF6B6C6BFE5B4B689A42271 /* [CP] Check Pods Manifest.lock */ = {
			isa = PBXShellScriptBuildPhase;
			buildActionMask = 2147483647;
			files = (
			);
			inputPaths = (
				"${PODS_PODFILE_DIR_PATH}/Podfile.lock",
				"${PODS_ROOT}/Manifest.lock",
			);
			name = "[CP] Check Pods Manifest.lock";
			outputPaths = (
				"$(DERIVED_FILE_DIR)/Pods-Project 01 - GoodAsOldPhones-checkManifestLockResult.txt",
			);
			runOnlyForDeploymentPostprocessing = 0;
			shellPath = /bin/sh;
			shellScript = "diff \"${PODS_PODFILE_DIR_PATH}/Podfile.lock\" \"${PODS_ROOT}/Manifest.lock\" > /dev/null\nif [ $? != 0 ] ; then\n    # print error to STDERR\n    echo \"error: The sandbox is not in sync with the Podfile.lock. Run 'pod install' or update your CocoaPods installation.\" >&2\n    exit 1\nfi\n# This output is used by Xcode 'outputs' to avoid re-running this script phase.\necho \"SUCCESS\" > \"${SCRIPT_OUTPUT_FILE_0}\"\n";
			showEnvVarsInLog = 0;
		};
/* End PBXShellScriptBuildPhase section */

/* Begin PBXSourcesBuildPhase section */
		A033CF5620A197260050626C /* Sources */ = {
			isa = PBXSourcesBuildPhase;
			buildActionMask = 2147483647;
			files = (
				A033CF8E20A197BB0050626C /* BaseTabBarController.swift in Sources */,
				A033CF6020A197260050626C /* ViewController.swift in Sources */,
				A033CF5E20A197260050626C /* AppDelegate.swift in Sources */,
				A033CF9420A19D9E0050626C /* Products.swift in Sources */,
				A080F6AC20A2838C002BDFE7 /* Extension.swift in Sources */,
				A033CF9920A1AD5D0050626C /* ProductCellController.swift in Sources */,
				A033CF8C20A1979E0050626C /* BaseNavigationController.swift in Sources */,
				A033CF9020A19D1B0050626C /* ProductsTableViewController.swift in Sources */,
				A033CF9B20A1AD7F0050626C /* ProductCell.swift in Sources */,
				A033CF9220A19D290050626C /* ContactViewController.swift in Sources */,
				A033CF9620A1A0950050626C /* ProductsDetailViewController.swift in Sources */,
			);
			runOnlyForDeploymentPostprocessing = 0;
		};
		A033CF6A20A197280050626C /* Sources */ = {
			isa = PBXSourcesBuildPhase;
			buildActionMask = 2147483647;
			files = (
				A033CF7320A197280050626C /* Project_01___GoodAsOldPhonesTests.swift in Sources */,
			);
			runOnlyForDeploymentPostprocessing = 0;
		};
		A033CF7520A197280050626C /* Sources */ = {
			isa = PBXSourcesBuildPhase;
			buildActionMask = 2147483647;
			files = (
				A033CF7E20A197280050626C /* Project_01___GoodAsOldPhonesUITests.swift in Sources */,
			);
			runOnlyForDeploymentPostprocessing = 0;
		};
/* End PBXSourcesBuildPhase section */

/* Begin PBXTargetDependency section */
		A033CF7020A197280050626C /* PBXTargetDependency */ = {
			isa = PBXTargetDependency;
			target = A033CF5920A197260050626C /* Project 01 - GoodAsOldPhones */;
			targetProxy = A033CF6F20A197280050626C /* PBXContainerItemProxy */;
		};
		A033CF7B20A197280050626C /* PBXTargetDependency */ = {
			isa = PBXTargetDependency;
			target = A033CF5920A197260050626C /* Project 01 - GoodAsOldPhones */;
			targetProxy = A033CF7A20A197280050626C /* PBXContainerItemProxy */;
		};
/* End PBXTargetDependency section */

/* Begin PBXVariantGroup section */
		A033CF6120A197260050626C /* Main.storyboard */ = {
			isa = PBXVariantGroup;
			children = (
				A033CF6220A197260050626C /* Base */,
			);
			name = Main.storyboard;
			sourceTree = "<group>";
		};
		A033CF6620A197280050626C /* LaunchScreen.storyboard */ = {
			isa = PBXVariantGroup;
			children = (
				A033CF6720A197280050626C /* Base */,
			);
			name = LaunchScreen.storyboard;
			sourceTree = "<group>";
		};
/* End PBXVariantGroup section */

/* Begin XCBuildConfiguration section */
		A033CF8020A197280050626C /* Debug */ = {
			isa = XCBuildConfiguration;
			buildSettings = {
				ALWAYS_SEARCH_USER_PATHS = NO;
				CLANG_ANALYZER_NONNULL = YES;
				CLANG_ANALYZER_NUMBER_OBJECT_CONVERSION = YES_AGGRESSIVE;
				CLANG_CXX_LANGUAGE_STANDARD = "gnu++14";
				CLANG_CXX_LIBRARY = "libc++";
				CLANG_ENABLE_MODULES = YES;
				CLANG_ENABLE_OBJC_ARC = YES;
				CLANG_ENABLE_OBJC_WEAK = YES;
				CLANG_WARN_BLOCK_CAPTURE_AUTORELEASING = YES;
				CLANG_WARN_BOOL_CONVERSION = YES;
				CLANG_WARN_COMMA = YES;
				CLANG_WARN_CONSTANT_CONVERSION = YES;
				CLANG_WARN_DEPRECATED_OBJC_IMPLEMENTATIONS = YES;
				CLANG_WARN_DIRECT_OBJC_ISA_USAGE = YES_ERROR;
				CLANG_WARN_DOCUMENTATION_COMMENTS = YES;
				CLANG_WARN_EMPTY_BODY = YES;
				CLANG_WARN_ENUM_CONVERSION = YES;
				CLANG_WARN_INFINITE_RECURSION = YES;
				CLANG_WARN_INT_CONVERSION = YES;
				CLANG_WARN_NON_LITERAL_NULL_CONVERSION = YES;
				CLANG_WARN_OBJC_IMPLICIT_RETAIN_SELF = YES;
				CLANG_WARN_OBJC_LITERAL_CONVERSION = YES;
				CLANG_WARN_OBJC_ROOT_CLASS = YES_ERROR;
				CLANG_WARN_RANGE_LOOP_ANALYSIS = YES;
				CLANG_WARN_STRICT_PROTOTYPES = YES;
				CLANG_WARN_SUSPICIOUS_MOVE = YES;
				CLANG_WARN_UNGUARDED_AVAILABILITY = YES_AGGRESSIVE;
				CLANG_WARN_UNREACHABLE_CODE = YES;
				CLANG_WARN__DUPLICATE_METHOD_MATCH = YES;
				CODE_SIGN_IDENTITY = "iPhone Developer";
				COPY_PHASE_STRIP = NO;
				DEBUG_INFORMATION_FORMAT = dwarf;
				ENABLE_STRICT_OBJC_MSGSEND = YES;
				ENABLE_TESTABILITY = YES;
				GCC_C_LANGUAGE_STANDARD = gnu11;
				GCC_DYNAMIC_NO_PIC = NO;
				GCC_NO_COMMON_BLOCKS = YES;
				GCC_OPTIMIZATION_LEVEL = 0;
				GCC_PREPROCESSOR_DEFINITIONS = (
					"DEBUG=1",
					"$(inherited)",
				);
				GCC_WARN_64_TO_32_BIT_CONVERSION = YES;
				GCC_WARN_ABOUT_RETURN_TYPE = YES_ERROR;
				GCC_WARN_UNDECLARED_SELECTOR = YES;
				GCC_WARN_UNINITIALIZED_AUTOS = YES_AGGRESSIVE;
				GCC_WARN_UNUSED_FUNCTION = YES;
				GCC_WARN_UNUSED_VARIABLE = YES;
				IPHONEOS_DEPLOYMENT_TARGET = 11.3;
				MTL_ENABLE_DEBUG_INFO = YES;
				ONLY_ACTIVE_ARCH = YES;
				SDKROOT = iphoneos;
				SWIFT_ACTIVE_COMPILATION_CONDITIONS = DEBUG;
				SWIFT_OPTIMIZATION_LEVEL = "-Onone";
			};
			name = Debug;
		};
		A033CF8120A197280050626C /* Release */ = {
			isa = XCBuildConfiguration;
			buildSettings = {
				ALWAYS_SEARCH_USER_PATHS = NO;
				CLANG_ANALYZER_NONNULL = YES;
				CLANG_ANALYZER_NUMBER_OBJECT_CONVERSION = YES_AGGRESSIVE;
				CLANG_CXX_LANGUAGE_STANDARD = "gnu++14";
				CLANG_CXX_LIBRARY = "libc++";
				CLANG_ENABLE_MODULES = YES;
				CLANG_ENABLE_OBJC_ARC = YES;
				CLANG_ENABLE_OBJC_WEAK = YES;
				CLANG_WARN_BLOCK_CAPTURE_AUTORELEASING = YES;
				CLANG_WARN_BOOL_CONVERSION = YES;
				CLANG_WARN_COMMA = YES;
				CLANG_WARN_CONSTANT_CONVERSION = YES;
				CLANG_WARN_DEPRECATED_OBJC_IMPLEMENTATIONS = YES;
				CLANG_WARN_DIRECT_OBJC_ISA_USAGE = YES_ERROR;
				CLANG_WARN_DOCUMENTATION_COMMENTS = YES;
				CLANG_WARN_EMPTY_BODY = YES;
				CLANG_WARN_ENUM_CONVERSION = YES;
				CLANG_WARN_INFINITE_RECURSION = YES;
				CLANG_WARN_INT_CONVERSION = YES;
				CLANG_WARN_NON_LITERAL_NULL_CONVERSION = YES;
				CLANG_WARN_OBJC_IMPLICIT_RETAIN_SELF = YES;
				CLANG_WARN_OBJC_LITERAL_CONVERSION = YES;
				CLANG_WARN_OBJC_ROOT_CLASS = YES_ERROR;
				CLANG_WARN_RANGE_LOOP_ANALYSIS = YES;
				CLANG_WARN_STRICT_PROTOTYPES = YES;
				CLANG_WARN_SUSPICIOUS_MOVE = YES;
				CLANG_WARN_UNGUARDED_AVAILABILITY = YES_AGGRESSIVE;
				CLANG_WARN_UNREACHABLE_CODE = YES;
				CLANG_WARN__DUPLICATE_METHOD_MATCH = YES;
				CODE_SIGN_IDENTITY = "iPhone Developer";
				COPY_PHASE_STRIP = NO;
				DEBUG_INFORMATION_FORMAT = "dwarf-with-dsym";
				ENABLE_NS_ASSERTIONS = NO;
				ENABLE_STRICT_OBJC_MSGSEND = YES;
				GCC_C_LANGUAGE_STANDARD = gnu11;
				GCC_NO_COMMON_BLOCKS = YES;
				GCC_WARN_64_TO_32_BIT_CONVERSION = YES;
				GCC_WARN_ABOUT_RETURN_TYPE = YES_ERROR;
				GCC_WARN_UNDECLARED_SELECTOR = YES;
				GCC_WARN_UNINITIALIZED_AUTOS = YES_AGGRESSIVE;
				GCC_WARN_UNUSED_FUNCTION = YES;
				GCC_WARN_UNUSED_VARIABLE = YES;
				IPHONEOS_DEPLOYMENT_TARGET = 11.3;
				MTL_ENABLE_DEBUG_INFO = NO;
				SDKROOT = iphoneos;
				SWIFT_COMPILATION_MODE = wholemodule;
				SWIFT_OPTIMIZATION_LEVEL = "-O";
				VALIDATE_PRODUCT = YES;
			};
			name = Release;
		};
		A033CF8320A197280050626C /* Debug */ = {
			isa = XCBuildConfiguration;
			baseConfigurationReference = 29C24BE7D07388CCEB279B4D /* Pods-Project 01 - GoodAsOldPhones.debug.xcconfig */;
			buildSettings = {
				ASSETCATALOG_COMPILER_APPICON_NAME = AppIcon;
				CLANG_ENABLE_MODULES = YES;
				CODE_SIGN_IDENTITY = "iPhone Developer";
				CODE_SIGN_STYLE = Automatic;
				DEVELOPMENT_TEAM = 96WL48P5S9;
				INFOPLIST_FILE = "Project 01 - GoodAsOldPhones/Info.plist";
				LD_RUNPATH_SEARCH_PATHS = (
					"$(inherited)",
					"@executable_path/Frameworks",
				);
				PRODUCT_BUNDLE_IDENTIFIER = WJ.StopWatchSwift;
				PRODUCT_NAME = "$(TARGET_NAME)";
				PROVISIONING_PROFILE_SPECIFIER = "";
				SWIFT_OBJC_BRIDGING_HEADER = "Project 01 - GoodAsOldPhones/Project 01 - GoodAsOldPhones-Bridging-Header.h";
				SWIFT_OPTIMIZATION_LEVEL = "-Onone";
				SWIFT_VERSION = 4.0;
				TARGETED_DEVICE_FAMILY = "1,2";
			};
			name = Debug;
		};
		A033CF8420A197280050626C /* Release */ = {
			isa = XCBuildConfiguration;
			baseConfigurationReference = 1A77A05FC2AD4770B8C35522 /* Pods-Project 01 - GoodAsOldPhones.release.xcconfig */;
			buildSettings = {
				ASSETCATALOG_COMPILER_APPICON_NAME = AppIcon;
				CLANG_ENABLE_MODULES = YES;
				CODE_SIGN_IDENTITY = "iPhone Developer";
				CODE_SIGN_STYLE = Automatic;
				DEVELOPMENT_TEAM = 96WL48P5S9;
				INFOPLIST_FILE = "Project 01 - GoodAsOldPhones/Info.plist";
				LD_RUNPATH_SEARCH_PATHS = (
					"$(inherited)",
					"@executable_path/Frameworks",
				);
				PRODUCT_BUNDLE_IDENTIFIER = WJ.StopWatchSwift;
				PRODUCT_NAME = "$(TARGET_NAME)";
				PROVISIONING_PROFILE_SPECIFIER = "";
				SWIFT_OBJC_BRIDGING_HEADER = "Project 01 - GoodAsOldPhones/Project 01 - GoodAsOldPhones-Bridging-Header.h";
				SWIFT_VERSION = 4.0;
				TARGETED_DEVICE_FAMILY = "1,2";
			};
			name = Release;
		};
		A033CF8620A197280050626C /* Debug */ = {
			isa = XCBuildConfiguration;
			buildSettings = {
				ALWAYS_EMBED_SWIFT_STANDARD_LIBRARIES = YES;
				BUNDLE_LOADER = "$(TEST_HOST)";
				CODE_SIGN_STYLE = Automatic;
				DEVELOPMENT_TEAM = 96WL48P5S9;
				INFOPLIST_FILE = "Project 01 - GoodAsOldPhonesTests/Info.plist";
				LD_RUNPATH_SEARCH_PATHS = (
					"$(inherited)",
					"@executable_path/Frameworks",
					"@loader_path/Frameworks",
				);
				PRODUCT_BUNDLE_IDENTIFIER = "WJ.Project-01---GoodAsOldPhonesTests";
				PRODUCT_NAME = "$(TARGET_NAME)";
				SWIFT_VERSION = 4.0;
				TARGETED_DEVICE_FAMILY = "1,2";
				TEST_HOST = "$(BUILT_PRODUCTS_DIR)/Project 01 - GoodAsOldPhones.app/Project 01 - GoodAsOldPhones";
			};
			name = Debug;
		};
		A033CF8720A197280050626C /* Release */ = {
			isa = XCBuildConfiguration;
			buildSettings = {
				ALWAYS_EMBED_SWIFT_STANDARD_LIBRARIES = YES;
				BUNDLE_LOADER = "$(TEST_HOST)";
				CODE_SIGN_STYLE = Automatic;
				DEVELOPMENT_TEAM = 96WL48P5S9;
				INFOPLIST_FILE = "Project 01 - GoodAsOldPhonesTests/Info.plist";
				LD_RUNPATH_SEARCH_PATHS = (
					"$(inherited)",
					"@executable_path/Frameworks",
					"@loader_path/Frameworks",
				);
				PRODUCT_BUNDLE_IDENTIFIER = "WJ.Project-01---GoodAsOldPhonesTests";
				PRODUCT_NAME = "$(TARGET_NAME)";
				SWIFT_VERSION = 4.0;
				TARGETED_DEVICE_FAMILY = "1,2";
				TEST_HOST = "$(BUILT_PRODUCTS_DIR)/Project 01 - GoodAsOldPhones.app/Project 01 - GoodAsOldPhones";
			};
			name = Release;
		};
		A033CF8920A197280050626C /* Debug */ = {
			isa = XCBuildConfiguration;
			buildSettings = {
				ALWAYS_EMBED_SWIFT_STANDARD_LIBRARIES = YES;
				CODE_SIGN_STYLE = Automatic;
				DEVELOPMENT_TEAM = 96WL48P5S9;
				INFOPLIST_FILE = "Project 01 - GoodAsOldPhonesUITests/Info.plist";
				LD_RUNPATH_SEARCH_PATHS = (
					"$(inherited)",
					"@executable_path/Frameworks",
					"@loader_path/Frameworks",
				);
				PRODUCT_BUNDLE_IDENTIFIER = "WJ.Project-01---GoodAsOldPhonesUITests";
				PRODUCT_NAME = "$(TARGET_NAME)";
				SWIFT_VERSION = 4.0;
				TARGETED_DEVICE_FAMILY = "1,2";
				TEST_TARGET_NAME = "Project 01 - GoodAsOldPhones";
			};
			name = Debug;
		};
		A033CF8A20A197280050626C /* Release */ = {
			isa = XCBuildConfiguration;
			buildSettings = {
				ALWAYS_EMBED_SWIFT_STANDARD_LIBRARIES = YES;
				CODE_SIGN_STYLE = Automatic;
				DEVELOPMENT_TEAM = 96WL48P5S9;
				INFOPLIST_FILE = "Project 01 - GoodAsOldPhonesUITests/Info.plist";
				LD_RUNPATH_SEARCH_PATHS = (
					"$(inherited)",
					"@executable_path/Frameworks",
					"@loader_path/Frameworks",
				);
				PRODUCT_BUNDLE_IDENTIFIER = "WJ.Project-01---GoodAsOldPhonesUITests";
				PRODUCT_NAME = "$(TARGET_NAME)";
				SWIFT_VERSION = 4.0;
				TARGETED_DEVICE_FAMILY = "1,2";
				TEST_TARGET_NAME = "Project 01 - GoodAsOldPhones";
			};
			name = Release;
		};
/* End XCBuildConfiguration section */

/* Begin XCConfigurationList section */
		A033CF5520A197260050626C /* Build configuration list for PBXProject "Project 01 - GoodAsOldPhones" */ = {
			isa = XCConfigurationList;
			buildConfigurations = (
				A033CF8020A197280050626C /* Debug */,
				A033CF8120A197280050626C /* Release */,
			);
			defaultConfigurationIsVisible = 0;
			defaultConfigurationName = Release;
		};
		A033CF8220A197280050626C /* Build configuration list for PBXNativeTarget "Project 01 - GoodAsOldPhones" */ = {
			isa = XCConfigurationList;
			buildConfigurations = (
				A033CF8320A197280050626C /* Debug */,
				A033CF8420A197280050626C /* Release */,
			);
			defaultConfigurationIsVisible = 0;
			defaultConfigurationName = Release;
		};
		A033CF8520A197280050626C /* Build configuration list for PBXNativeTarget "Project 01 - GoodAsOldPhonesTests" */ = {
			isa = XCConfigurationList;
			buildConfigurations = (
				A033CF8620A197280050626C /* Debug */,
				A033CF8720A197280050626C /* Release */,
			);
			defaultConfigurationIsVisible = 0;
			defaultConfigurationName = Release;
		};
		A033CF8820A197280050626C /* Build configuration list for PBXNativeTarget "Project 01 - GoodAsOldPhonesUITests" */ = {
			isa = XCConfigurationList;
			buildConfigurations = (
				A033CF8920A197280050626C /* Debug */,
				A033CF8A20A197280050626C /* Release */,
			);
			defaultConfigurationIsVisible = 0;
			defaultConfigurationName = Release;
		};
/* End XCConfigurationList section */
	};
	rootObject = A033CF5220A197260050626C /* Project object */;
}
